
Microsoft Visual Studio Solution File, Format Version 12.00
# Visual Studio Version 17
VisualStudioVersion = 17.4.33213.308
MinimumVisualStudioVersion = 10.0.40219.1
Project("{FAE04EC0-301F-11D3-BF4B-00C04F79EFBC}") = "testMvvm", "testMvvm\testMvvm.csproj", "{44BA04C7-2A02-4F20-B452-85E2B646E6B0}"
EndProject
Global
	GlobalSection(SolutionConfigurationPlatforms) = preSolution
		Debug|Any CPU = Debug|Any CPU
		Release|Any CPU = Release|Any CPU
	EndGlobalSection
	GlobalSection(ProjectConfigurationPlatforms) = postSolution
		{44BA04C7-2A02-4F20-B452-85E2B646E6B0}.Debug|Any CPU.ActiveCfg = Debug|Any CPU
		{44BA04C7-2A02-4F20-B452-85E2B646E6B0}.Debug|Any CPU.Build.0 = Debug|Any CPU
		{44BA04C7-2A02-4F20-B452-85E2B646E6B0}.Release|Any CPU.ActiveCfg = Release|Any CPU
		{44BA04C7-2A02-4F20-B452-85E2B646E6B0}.Release|Any CPU.Build.0 = Release|Any CPU
	EndGlobalSection
	GlobalSection(SolutionProperties) = preSolution
		HideSolutionNode = FALSE
	EndGlobalSection
	GlobalSection(ExtensibilityGlobals) = postSolution
		SolutionGuid = {1AB43049-1537-4DD4-B7E4-874A505D3C78}
	EndGlobalSection
EndGlobal
